PODS:
  - TNKFoundation (1.0.0):
    - TNKFoundation/AutoLayout (= 1.0.0)
    - TNKFoundation/GCD (= 1.0.0)
    - TNKFoundation/NSNumber (= 1.0.0)
    - TNKFoundation/NSPredicate (= 1.0.0)
    - TNKFoundation/NSTimeInterval (= 1.0.0)
    - TNKFoundation/NSURLQueryItem (= 1.0.0)
    - TNKFoundation/ObjectGraph (= 1.0.0)
    - TNKFoundation/ShapeView (= 1.0.0)
  - TNKFoundation/AutoLayout (1.0.0)
  - TNKFoundation/GCD (1.0.0)
  - TNKFoundation/NSNumber (1.0.0)
  - TNKFoundation/NSPredicate (1.0.0)
  - TNKFoundation/NSTimeInterval (1.0.0)
  - TNKFoundation/NSURLQueryItem (1.0.0)
  - TNKFoundation/ObjectGraph (1.0.0)
  - TNKFoundation/ShapeView (1.0.0)

DEPENDENCIES:
  - TNKFoundation (from `../`)

EXTERNAL SOURCES:
  TNKFoundation:
    :path: "../"

SPEC CHECKSUMS:
  TNKFoundation: ce5e270be95ab4913d33a62e40bb7c5ebcc3b8a6

COCOAPODS: 0.39.0
